
Microsoft Visual Studio Solution File, Format Version 12.00
# Visual Studio Version 16
VisualStudioVersion = 16.0.29209.62
MinimumVisualStudioVersion = 10.0.40219.1
Project("{FAE04EC0-301F-11D3-BF4B-00C04F79EFBC}") = "CredDump", "CredDump\CredDump.csproj", "{CFBA8ABB-325A-48EA-ABB3-3ADBD988DDB3}"
EndProject
Global
	GlobalSection(SolutionConfigurationPlatforms) = preSolution
		Debug|Any CPU = Debug|Any CPU
		Release|Any CPU = Release|Any CPU
	EndGlobalSection
	GlobalSection(ProjectConfigurationPlatforms) = postSolution
		{CFBA8ABB-325A-48EA-ABB3-3ADBD988DDB3}.Debug|Any CPU.ActiveCfg = Debug|Any CPU
		{CFBA8ABB-325A-48EA-ABB3-3ADBD988DDB3}.Debug|Any CPU.Build.0 = Debug|Any CPU
		{CFBA8ABB-325A-48EA-ABB3-3ADBD988DDB3}.Release|Any CPU.ActiveCfg = Release|Any CPU
		{CFBA8ABB-325A-48EA-ABB3-3ADBD988DDB3}.Release|Any CPU.Build.0 = Release|Any CPU
	EndGlobalSection
	GlobalSection(SolutionProperties) = preSolution
		HideSolutionNode = FALSE
	EndGlobalSection
	GlobalSection(ExtensibilityGlobals) = postSolution
		SolutionGuid = {ED1A40F5-1BD2-4BF6-8F79-BFB1722A8B24}
	EndGlobalSection
EndGlobal
